// !$*UTF8*$!
{
	archiveVersion = 1;
	classes = {
	};
	objectVersion = 56;
	objects = {

/* Begin PBXBuildFile section */
		6D201C2F29ED83AE003A3879 /* ReadQiitaApp_iOSApp.swift in Sources */ = {isa = PBXBuildFile; fileRef = 6D201C2E29ED83AE003A3879 /* ReadQiitaApp_iOSApp.swift */; };
		6D201C3129ED83AE003A3879 /* ContentView.swift in Sources */ = {isa = PBXBuildFile; fileRef = 6D201C3029ED83AE003A3879 /* ContentView.swift */; };
		6D201C3329ED83AE003A3879 /* Assets.xcassets in Resources */ = {isa = PBXBuildFile; fileRef = 6D201C3229ED83AE003A3879 /* Assets.xcassets */; };
		6D201C3629ED83AE003A3879 /* Preview Assets.xcassets in Resources */ = {isa = PBXBuildFile; fileRef = 6D201C3529ED83AE003A3879 /* Preview Assets.xcassets */; };
		6D201C4029ED83AF003A3879 /* ReadQiitaApp_iOSTests.swift in Sources */ = {isa = PBXBuildFile; fileRef = 6D201C3F29ED83AF003A3879 /* ReadQiitaApp_iOSTests.swift */; };
		6D201C4A29ED83AF003A3879 /* ReadQiitaApp_iOSUITests.swift in Sources */ = {isa = PBXBuildFile; fileRef = 6D201C4929ED83AF003A3879 /* ReadQiitaApp_iOSUITests.swift */; };
		6D201C4C29ED83AF003A3879 /* ReadQiitaApp_iOSUITestsLaunchTests.swift in Sources */ = {isa = PBXBuildFile; fileRef = 6D201C4B29ED83AF003A3879 /* ReadQiitaApp_iOSUITestsLaunchTests.swift */; };
		6D379E6D29F023A500465FD0 /* Article.swift in Sources */ = {isa = PBXBuildFile; fileRef = 6D379E6C29F023A500465FD0 /* Article.swift */; };
		6D379E6F29F023D700465FD0 /* User.swift in Sources */ = {isa = PBXBuildFile; fileRef = 6D379E6E29F023D700465FD0 /* User.swift */; };
		6D379E7129F0242E00465FD0 /* Tags.swift in Sources */ = {isa = PBXBuildFile; fileRef = 6D379E7029F0242E00465FD0 /* Tags.swift */; };
		6DB871ED2A1FB71A0095C1CB /* ArticleViewModel.swift in Sources */ = {isa = PBXBuildFile; fileRef = 6DB871EC2A1FB71A0095C1CB /* ArticleViewModel.swift */; };
		6DB871EF2A1FB8190095C1CB /* APIManager.swift in Sources */ = {isa = PBXBuildFile; fileRef = 6DB871EE2A1FB8190095C1CB /* APIManager.swift */; };
/* End PBXBuildFile section */

/* Begin PBXContainerItemProxy section */
		6D201C3C29ED83AF003A3879 /* PBXContainerItemProxy */ = {
			isa = PBXContainerItemProxy;
			containerPortal = 6D201C2329ED83AE003A3879 /* Project object */;
			proxyType = 1;
			remoteGlobalIDString = 6D201C2A29ED83AE003A3879;
			remoteInfo = ReadQiitaApp_iOS;
		};
		6D201C4629ED83AF003A3879 /* PBXContainerItemProxy */ = {
			isa = PBXContainerItemProxy;
			containerPortal = 6D201C2329ED83AE003A3879 /* Project object */;
			proxyType = 1;
			remoteGlobalIDString = 6D201C2A29ED83AE003A3879;
			remoteInfo = ReadQiitaApp_iOS;
		};
/* End PBXContainerItemProxy section */

/* Begin PBXFileReference section */
		6D201C2B29ED83AE003A3879 /* ReadQiitaApp_iOS.app */ = {isa = PBXFileReference; explicitFileType = wrapper.application; includeInIndex = 0; path = ReadQiitaApp_iOS.app; sourceTree = BUILT_PRODUCTS_DIR; };
		6D201C2E29ED83AE003A3879 /* ReadQiitaApp_iOSApp.swift */ = {isa = PBXFileReference; lastKnownFileType = sourcecode.swift; path = ReadQiitaApp_iOSApp.swift; sourceTree = "<group>"; };
		6D201C3029ED83AE003A3879 /* ContentView.swift */ = {isa = PBXFileReference; lastKnownFileType = sourcecode.swift; path = ContentView.swift; sourceTree = "<group>"; };
		6D201C3229ED83AE003A3879 /* Assets.xcassets */ = {isa = PBXFileReference; lastKnownFileType = folder.assetcatalog; path = Assets.xcassets; sourceTree = "<group>"; };
		6D201C3529ED83AE003A3879 /* Preview Assets.xcassets */ = {isa = PBXFileReference; lastKnownFileType = folder.assetcatalog; path = "Preview Assets.xcassets"; sourceTree = "<group>"; };
		6D201C3B29ED83AF003A3879 /* ReadQiitaApp_iOSTests.xctest */ = {isa = PBXFileReference; explicitFileType = wrapper.cfbundle; includeInIndex = 0; path = ReadQiitaApp_iOSTests.xctest; sourceTree = BUILT_PRODUCTS_DIR; };
		6D201C3F29ED83AF003A3879 /* ReadQiitaApp_iOSTests.swift */ = {isa = PBXFileReference; lastKnownFileType = sourcecode.swift; path = ReadQiitaApp_iOSTests.swift; sourceTree = "<group>"; };
		6D201C4529ED83AF003A3879 /* ReadQiitaApp_iOSUITests.xctest */ = {isa = PBXFileReference; explicitFileType = wrapper.cfbundle; includeInIndex = 0; path = ReadQiitaApp_iOSUITests.xctest; sourceTree = BUILT_PRODUCTS_DIR; };
		6D201C4929ED83AF003A3879 /* ReadQiitaApp_iOSUITests.swift */ = {isa = PBXFileReference; lastKnownFileType = sourcecode.swift; path = ReadQiitaApp_iOSUITests.swift; sourceTree = "<group>"; };
		6D201C4B29ED83AF003A3879 /* ReadQiitaApp_iOSUITestsLaunchTests.swift */ = {isa = PBXFileReference; lastKnownFileType = sourcecode.swift; path = ReadQiitaApp_iOSUITestsLaunchTests.swift; sourceTree = "<group>"; };
		6D379E6C29F023A500465FD0 /* Article.swift */ = {isa = PBXFileReference; lastKnownFileType = sourcecode.swift; path = Article.swift; sourceTree = "<group>"; };
		6D379E6E29F023D700465FD0 /* User.swift */ = {isa = PBXFileReference; lastKnownFileType = sourcecode.swift; path = User.swift; sourceTree = "<group>"; };
		6D379E7029F0242E00465FD0 /* Tags.swift */ = {isa = PBXFileReference; lastKnownFileType = sourcecode.swift; path = Tags.swift; sourceTree = "<group>"; };
		6D749DEE2A1FAC0D001AFDBB /* ReadQiitaApp-iOS-Info.plist */ = {isa = PBXFileReference; lastKnownFileType = text.plist; path = "ReadQiitaApp-iOS-Info.plist"; sourceTree = SOURCE_ROOT; };
		6DB871EC2A1FB71A0095C1CB /* ArticleViewModel.swift */ = {isa = PBXFileReference; lastKnownFileType = sourcecode.swift; path = ArticleViewModel.swift; sourceTree = "<group>"; };
		6DB871EE2A1FB8190095C1CB /* APIManager.swift */ = {isa = PBXFileReference; lastKnownFileType = sourcecode.swift; path = APIManager.swift; sourceTree = "<group>"; };
/* End PBXFileReference section */

/* Begin PBXFrameworksBuildPhase section */
		6D201C2829ED83AE003A3879 /* Frameworks */ = {
			isa = PBXFrameworksBuildPhase;
			buildActionMask = 2147483647;
			files = (
			);
			runOnlyForDeploymentPostprocessing = 0;
		};
		6D201C3829ED83AF003A3879 /* Frameworks */ = {
			isa = PBXFrameworksBuildPhase;
			buildActionMask = 2147483647;
			files = (
			);
			runOnlyForDeploymentPostprocessing = 0;
		};
		6D201C4229ED83AF003A3879 /* Frameworks */ = {
			isa = PBXFrameworksBuildPhase;
			buildActionMask = 2147483647;
			files = (
			);
			runOnlyForDeploymentPostprocessing = 0;
		};
/* End PBXFrameworksBuildPhase section */

/* Begin PBXGroup section */
		6D201C2229ED83AE003A3879 = {
			isa = PBXGroup;
			children = (
				6D201C2D29ED83AE003A3879 /* ReadQiitaApp_iOS */,
				6D201C3E29ED83AF003A3879 /* ReadQiitaApp_iOSTests */,
				6D201C4829ED83AF003A3879 /* ReadQiitaApp_iOSUITests */,
				6D201C2C29ED83AE003A3879 /* Products */,
			);
			sourceTree = "<group>";
		};
		6D201C2C29ED83AE003A3879 /* Products */ = {
			isa = PBXGroup;
			children = (
				6D201C2B29ED83AE003A3879 /* ReadQiitaApp_iOS.app */,
				6D201C3B29ED83AF003A3879 /* ReadQiitaApp_iOSTests.xctest */,
				6D201C4529ED83AF003A3879 /* ReadQiitaApp_iOSUITests.xctest */,
			);
			name = Products;
			sourceTree = "<group>";
		};
		6D201C2D29ED83AE003A3879 /* ReadQiitaApp_iOS */ = {
			isa = PBXGroup;
			children = (
				6D749DEE2A1FAC0D001AFDBB /* ReadQiitaApp-iOS-Info.plist */,
				6D201C2E29ED83AE003A3879 /* ReadQiitaApp_iOSApp.swift */,
				6DB871EE2A1FB8190095C1CB /* APIManager.swift */,
				6D201C3029ED83AE003A3879 /* ContentView.swift */,
				6D379E6C29F023A500465FD0 /* Article.swift */,
				6DB871EC2A1FB71A0095C1CB /* ArticleViewModel.swift */,
				6D379E7029F0242E00465FD0 /* Tags.swift */,
				6D379E6E29F023D700465FD0 /* User.swift */,
				6D201C3229ED83AE003A3879 /* Assets.xcassets */,
				6D201C3429ED83AE003A3879 /* Preview Content */,
			);
			path = ReadQiitaApp_iOS;
			sourceTree = "<group>";
		};
		6D201C3429ED83AE003A3879 /* Preview Content */ = {
			isa = PBXGroup;
			children = (
				6D201C3529ED83AE003A3879 /* Preview Assets.xcassets */,
			);
			path = "Preview Content";
			sourceTree = "<group>";
		};
		6D201C3E29ED83AF003A3879 /* ReadQiitaApp_iOSTests */ = {
			isa = PBXGroup;
			children = (
				6D201C3F29ED83AF003A3879 /* ReadQiitaApp_iOSTests.swift */,
			);
			path = ReadQiitaApp_iOSTests;
			sourceTree = "<group>";
		};
		6D201C4829ED83AF003A3879 /* ReadQiitaApp_iOSUITests */ = {
			isa = PBXGroup;
			children = (
				6D201C4929ED83AF003A3879 /* ReadQiitaApp_iOSUITests.swift */,
				6D201C4B29ED83AF003A3879 /* ReadQiitaApp_iOSUITestsLaunchTests.swift */,
			);
			path = ReadQiitaApp_iOSUITests;
			sourceTree = "<group>";
		};
/* End PBXGroup section */

/* Begin PBXNativeTarget section */
		6D201C2A29ED83AE003A3879 /* ReadQiitaApp_iOS */ = {
			isa = PBXNativeTarget;
			buildConfigurationList = 6D201C4F29ED83AF003A3879 /* Build configuration list for PBXNativeTarget "ReadQiitaApp_iOS" */;
			buildPhases = (
				6D201C2729ED83AE003A3879 /* Sources */,
				6D201C2829ED83AE003A3879 /* Frameworks */,
				6D201C2929ED83AE003A3879 /* Resources */,
			);
			buildRules = (
			);
			dependencies = (
			);
			name = ReadQiitaApp_iOS;
			productName = ReadQiitaApp_iOS;
			productReference = 6D201C2B29ED83AE003A3879 /* ReadQiitaApp_iOS.app */;
			productType = "com.apple.product-type.application";
		};
		6D201C3A29ED83AF003A3879 /* ReadQiitaApp_iOSTests */ = {
			isa = PBXNativeTarget;
			buildConfigurationList = 6D201C5229ED83AF003A3879 /* Build configuration list for PBXNativeTarget "ReadQiitaApp_iOSTests" */;
			buildPhases = (
				6D201C3729ED83AF003A3879 /* Sources */,
				6D201C3829ED83AF003A3879 /* Frameworks */,
				6D201C3929ED83AF003A3879 /* Resources */,
			);
			buildRules = (
			);
			dependencies = (
				6D201C3D29ED83AF003A3879 /* PBXTargetDependency */,
			);
			name = ReadQiitaApp_iOSTests;
			productName = ReadQiitaApp_iOSTests;
			productReference = 6D201C3B29ED83AF003A3879 /* ReadQiitaApp_iOSTests.xctest */;
			productType = "com.apple.product-type.bundle.unit-test";
		};
		6D201C4429ED83AF003A3879 /* ReadQiitaApp_iOSUITests */ = {
			isa = PBXNativeTarget;
			buildConfigurationList = 6D201C5529ED83AF003A3879 /* Build configuration list for PBXNativeTarget "ReadQiitaApp_iOSUITests" */;
			buildPhases = (
				6D201C4129ED83AF003A3879 /* Sources */,
				6D201C4229ED83AF003A3879 /* Frameworks */,
				6D201C4329ED83AF003A3879 /* Resources */,
			);
			buildRules = (
			);
			dependencies = (
				6D201C4729ED83AF003A3879 /* PBXTargetDependency */,
			);
			name = ReadQiitaApp_iOSUITests;
			productName = ReadQiitaApp_iOSUITests;
			productReference = 6D201C4529ED83AF003A3879 /* ReadQiitaApp_iOSUITests.xctest */;
			productType = "com.apple.product-type.bundle.ui-testing";
		};
/* End PBXNativeTarget section */

/* Begin PBXProject section */
		6D201C2329ED83AE003A3879 /* Project object */ = {
			isa = PBXProject;
			attributes = {
				BuildIndependentTargetsInParallel = 1;
				LastSwiftUpdateCheck = 1430;
				LastUpgradeCheck = 1430;
				TargetAttributes = {
					6D201C2A29ED83AE003A3879 = {
						CreatedOnToolsVersion = 14.3;
					};
					6D201C3A29ED83AF003A3879 = {
						CreatedOnToolsVersion = 14.3;
						TestTargetID = 6D201C2A29ED83AE003A3879;
					};
					6D201C4429ED83AF003A3879 = {
						CreatedOnToolsVersion = 14.3;
						TestTargetID = 6D201C2A29ED83AE003A3879;
					};
				};
			};
			buildConfigurationList = 6D201C2629ED83AE003A3879 /* Build configuration list for PBXProject "ReadQiitaApp_iOS" */;
			compatibilityVersion = "Xcode 14.0";
			developmentRegion = en;
			hasScannedForEncodings = 0;
			knownRegions = (
				en,
				Base,
			);
			mainGroup = 6D201C2229ED83AE003A3879;
			productRefGroup = 6D201C2C29ED83AE003A3879 /* Products */;
			projectDirPath = "";
			projectRoot = "";
			targets = (
				6D201C2A29ED83AE003A3879 /* ReadQiitaApp_iOS */,
				6D201C3A29ED83AF003A3879 /* ReadQiitaApp_iOSTests */,
				6D201C4429ED83AF003A3879 /* ReadQiitaApp_iOSUITests */,
			);
		};
/* End PBXProject section */

/* Begin PBXResourcesBuildPhase section */
		6D201C2929ED83AE003A3879 /* Resources */ = {
			isa = PBXResourcesBuildPhase;
			buildActionMask = 2147483647;
			files = (
				6D201C3629ED83AE003A3879 /* Preview Assets.xcassets in Resources */,
				6D201C3329ED83AE003A3879 /* Assets.xcassets in Resources */,
			);
			runOnlyForDeploymentPostprocessing = 0;
		};
		6D201C3929ED83AF003A3879 /* Resources */ = {
			isa = PBXResourcesBuildPhase;
			buildActionMask = 2147483647;
			files = (
			);
			runOnlyForDeploymentPostprocessing = 0;
		};
		6D201C4329ED83AF003A3879 /* Resources */ = {
			isa = PBXResourcesBuildPhase;
			buildActionMask = 2147483647;
			files = (
			);
			runOnlyForDeploymentPostprocessing = 0;
		};
/* End PBXResourcesBuildPhase section */

/* Begin PBXSourcesBuildPhase section */
		6D201C2729ED83AE003A3879 /* Sources */ = {
			isa = PBXSourcesBuildPhase;
			buildActionMask = 2147483647;
			files = (
				6D379E6F29F023D700465FD0 /* User.swift in Sources */,
				6D201C3129ED83AE003A3879 /* ContentView.swift in Sources */,
				6D201C2F29ED83AE003A3879 /* ReadQiitaApp_iOSApp.swift in Sources */,
				6DB871ED2A1FB71A0095C1CB /* ArticleViewModel.swift in Sources */,
				6D379E7129F0242E00465FD0 /* Tags.swift in Sources */,
				6D379E6D29F023A500465FD0 /* Article.swift in Sources */,
				6DB871EF2A1FB8190095C1CB /* APIManager.swift in Sources */,
			);
			runOnlyForDeploymentPostprocessing = 0;
		};
		6D201C3729ED83AF003A3879 /* Sources */ = {
			isa = PBXSourcesBuildPhase;
			buildActionMask = 2147483647;
			files = (
				6D201C4029ED83AF003A3879 /* ReadQiitaApp_iOSTests.swift in Sources */,
			);
			runOnlyForDeploymentPostprocessing = 0;
		};
		6D201C4129ED83AF003A3879 /* Sources */ = {
			isa = PBXSourcesBuildPhase;
			buildActionMask = 2147483647;
			files = (
				6D201C4A29ED83AF003A3879 /* ReadQiitaApp_iOSUITests.swift in Sources */,
				6D201C4C29ED83AF003A3879 /* ReadQiitaApp_iOSUITestsLaunchTests.swift in Sources */,
			);
			runOnlyForDeploymentPostprocessing = 0;
		};
/* End PBXSourcesBuildPhase section */

/* Begin PBXTargetDependency section */
		6D201C3D29ED83AF003A3879 /* PBXTargetDependency */ = {
			isa = PBXTargetDependency;
			target = 6D201C2A29ED83AE003A3879 /* ReadQiitaApp_iOS */;
			targetProxy = 6D201C3C29ED83AF003A3879 /* PBXContainerItemProxy */;
		};
		6D201C4729ED83AF003A3879 /* PBXTargetDependency */ = {
			isa = PBXTargetDependency;
			target = 6D201C2A29ED83AE003A3879 /* ReadQiitaApp_iOS */;
			targetProxy = 6D201C4629ED83AF003A3879 /* PBXContainerItemProxy */;
		};
/* End PBXTargetDependency section */

/* Begin XCBuildConfiguration section */
		6D201C4D29ED83AF003A3879 /* Debug */ = {
			isa = XCBuildConfiguration;
			buildSettings = {
				ALWAYS_SEARCH_USER_PATHS = NO;
				CLANG_ANALYZER_NONNULL = YES;
				CLANG_ANALYZER_NUMBER_OBJECT_CONVERSION = YES_AGGRESSIVE;
				CLANG_CXX_LANGUAGE_STANDARD = "gnu++20";
				CLANG_ENABLE_MODULES = YES;
				CLANG_ENABLE_OBJC_ARC = YES;
				CLANG_ENABLE_OBJC_WEAK = YES;
				CLANG_WARN_BLOCK_CAPTURE_AUTORELEASING = YES;
				CLANG_WARN_BOOL_CONVERSION = YES;
				CLANG_WARN_COMMA = YES;
				CLANG_WARN_CONSTANT_CONVERSION = YES;
				CLANG_WARN_DEPRECATED_OBJC_IMPLEMENTATIONS = YES;
				CLANG_WARN_DIRECT_OBJC_ISA_USAGE = YES_ERROR;
				CLANG_WARN_DOCUMENTATION_COMMENTS = YES;
				CLANG_WARN_EMPTY_BODY = YES;
				CLANG_WARN_ENUM_CONVERSION = YES;
				CLANG_WARN_INFINITE_RECURSION = YES;
				CLANG_WARN_INT_CONVERSION = YES;
				CLANG_WARN_NON_LITERAL_NULL_CONVERSION = YES;
				CLANG_WARN_OBJC_IMPLICIT_RETAIN_SELF = YES;
				CLANG_WARN_OBJC_LITERAL_CONVERSION = YES;
				CLANG_WARN_OBJC_ROOT_CLASS = YES_ERROR;
				CLANG_WARN_QUOTED_INCLUDE_IN_FRAMEWORK_HEADER = YES;
				CLANG_WARN_RANGE_LOOP_ANALYSIS = YES;
				CLANG_WARN_STRICT_PROTOTYPES = YES;
				CLANG_WARN_SUSPICIOUS_MOVE = YES;
				CLANG_WARN_UNGUARDED_AVAILABILITY = YES_AGGRESSIVE;
				CLANG_WARN_UNREACHABLE_CODE = YES;
				CLANG_WARN__DUPLICATE_METHOD_MATCH = YES;
				COPY_PHASE_STRIP = NO;
				DEBUG_INFORMATION_FORMAT = dwarf;
				ENABLE_STRICT_OBJC_MSGSEND = YES;
				ENABLE_TESTABILITY = YES;
				GCC_C_LANGUAGE_STANDARD = gnu11;
				GCC_DYNAMIC_NO_PIC = NO;
				GCC_NO_COMMON_BLOCKS = YES;
				GCC_OPTIMIZATION_LEVEL = 0;
				GCC_PREPROCESSOR_DEFINITIONS = (
					"DEBUG=1",
					"$(inherited)",
				);
				GCC_WARN_64_TO_32_BIT_CONVERSION = YES;
				GCC_WARN_ABOUT_RETURN_TYPE = YES_ERROR;
				GCC_WARN_UNDECLARED_SELECTOR = YES;
				GCC_WARN_UNINITIALIZED_AUTOS = YES_AGGRESSIVE;
				GCC_WARN_UNUSED_FUNCTION = YES;
				GCC_WARN_UNUSED_VARIABLE = YES;
				IPHONEOS_DEPLOYMENT_TARGET = 16.4;
				MTL_ENABLE_DEBUG_INFO = INCLUDE_SOURCE;
				MTL_FAST_MATH = YES;
				ONLY_ACTIVE_ARCH = YES;
				SDKROOT = iphoneos;
				SWIFT_ACTIVE_COMPILATION_CONDITIONS = DEBUG;
				SWIFT_OPTIMIZATION_LEVEL = "-Onone";
			};
			name = Debug;
		};
		6D201C4E29ED83AF003A3879 /* Release */ = {
			isa = XCBuildConfiguration;
			buildSettings = {
				ALWAYS_SEARCH_USER_PATHS = NO;
				CLANG_ANALYZER_NONNULL = YES;
				CLANG_ANALYZER_NUMBER_OBJECT_CONVERSION = YES_AGGRESSIVE;
				CLANG_CXX_LANGUAGE_STANDARD = "gnu++20";
				CLANG_ENABLE_MODULES = YES;
				CLANG_ENABLE_OBJC_ARC = YES;
				CLANG_ENABLE_OBJC_WEAK = YES;
				CLANG_WARN_BLOCK_CAPTURE_AUTORELEASING = YES;
				CLANG_WARN_BOOL_CONVERSION = YES;
				CLANG_WARN_COMMA = YES;
				CLANG_WARN_CONSTANT_CONVERSION = YES;
				CLANG_WARN_DEPRECATED_OBJC_IMPLEMENTATIONS = YES;
				CLANG_WARN_DIRECT_OBJC_ISA_USAGE = YES_ERROR;
				CLANG_WARN_DOCUMENTATION_COMMENTS = YES;
				CLANG_WARN_EMPTY_BODY = YES;
				CLANG_WARN_ENUM_CONVERSION = YES;
				CLANG_WARN_INFINITE_RECURSION = YES;
				CLANG_WARN_INT_CONVERSION = YES;
				CLANG_WARN_NON_LITERAL_NULL_CONVERSION = YES;
				CLANG_WARN_OBJC_IMPLICIT_RETAIN_SELF = YES;
				CLANG_WARN_OBJC_LITERAL_CONVERSION = YES;
				CLANG_WARN_OBJC_ROOT_CLASS = YES_ERROR;
				CLANG_WARN_QUOTED_INCLUDE_IN_FRAMEWORK_HEADER = YES;
				CLANG_WARN_RANGE_LOOP_ANALYSIS = YES;
				CLANG_WARN_STRICT_PROTOTYPES = YES;
				CLANG_WARN_SUSPICIOUS_MOVE = YES;
				CLANG_WARN_UNGUARDED_AVAILABILITY = YES_AGGRESSIVE;
				CLANG_WARN_UNREACHABLE_CODE = YES;
				CLANG_WARN__DUPLICATE_METHOD_MATCH = YES;
				COPY_PHASE_STRIP = NO;
				DEBUG_INFORMATION_FORMAT = "dwarf-with-dsym";
				ENABLE_NS_ASSERTIONS = NO;
				ENABLE_STRICT_OBJC_MSGSEND = YES;
				GCC_C_LANGUAGE_STANDARD = gnu11;
				GCC_NO_COMMON_BLOCKS = YES;
				GCC_WARN_64_TO_32_BIT_CONVERSION = YES;
				GCC_WARN_ABOUT_RETURN_TYPE = YES_ERROR;
				GCC_WARN_UNDECLARED_SELECTOR = YES;
				GCC_WARN_UNINITIALIZED_AUTOS = YES_AGGRESSIVE;
				GCC_WARN_UNUSED_FUNCTION = YES;
				GCC_WARN_UNUSED_VARIABLE = YES;
				IPHONEOS_DEPLOYMENT_TARGET = 16.4;
				MTL_ENABLE_DEBUG_INFO = NO;
				MTL_FAST_MATH = YES;
				SDKROOT = iphoneos;
				SWIFT_COMPILATION_MODE = wholemodule;
				SWIFT_OPTIMIZATION_LEVEL = "-O";
				VALIDATE_PRODUCT = YES;
			};
			name = Release;
		};
		6D201C5029ED83AF003A3879 /* Debug */ = {
			isa = XCBuildConfiguration;
			buildSettings = {
				ASSETCATALOG_COMPILER_APPICON_NAME = AppIcon;
				ASSETCATALOG_COMPILER_GLOBAL_ACCENT_COLOR_NAME = AccentColor;
				CODE_SIGN_STYLE = Automatic;
				CURRENT_PROJECT_VERSION = 1;
				DEVELOPMENT_ASSET_PATHS = "\"ReadQiitaApp_iOS/Preview Content\"";
				DEVELOPMENT_TEAM = 7RPFL7EXKD;
				ENABLE_PREVIEWS = YES;
				GENERATE_INFOPLIST_FILE = YES;
				INFOPLIST_FILE = "ReadQiitaApp-iOS-Info.plist";
				INFOPLIST_KEY_UIApplicationSceneManifest_Generation = YES;
				INFOPLIST_KEY_UIApplicationSupportsIndirectInputEvents = YES;
				INFOPLIST_KEY_UILaunchScreen_Generation = YES;
				INFOPLIST_KEY_UISupportedInterfaceOrientations = UIInterfaceOrientationPortrait;
				INFOPLIST_KEY_UISupportedInterfaceOrientations_iPad = "UIInterfaceOrientationLandscapeLeft UIInterfaceOrientationLandscapeRight UIInterfaceOrientationPortrait UIInterfaceOrientationPortraitUpsideDown";
				IPHONEOS_DEPLOYMENT_TARGET = 15.0;
				LD_RUNPATH_SEARCH_PATHS = (
					"$(inherited)",
					"@executable_path/Frameworks",
				);
				MARKETING_VERSION = 1.0;
				PRODUCT_BUNDLE_IDENTIFIER = "masaharu.dobashi.ReadQiitaApp-iOS";
				PRODUCT_NAME = "$(TARGET_NAME)";
				SWIFT_EMIT_LOC_STRINGS = YES;
				SWIFT_VERSION = 5.0;
				TARGETED_DEVICE_FAMILY = "1,2";
			};
			name = Debug;
		};
		6D201C5129ED83AF003A3879 /* Release */ = {
			isa = XCBuildConfiguration;
			buildSettings = {
				ASSETCATALOG_COMPILER_APPICON_NAME = AppIcon;
				ASSETCATALOG_COMPILER_GLOBAL_ACCENT_COLOR_NAME = AccentColor;
				CODE_SIGN_STYLE = Automatic;
				CURRENT_PROJECT_VERSION = 1;
				DEVELOPMENT_ASSET_PATHS = "\"ReadQiitaApp_iOS/Preview Content\"";
				DEVELOPMENT_TEAM = 7RPFL7EXKD;
				ENABLE_PREVIEWS = YES;
				GENERATE_INFOPLIST_FILE = YES;
				INFOPLIST_FILE = "ReadQiitaApp-iOS-Info.plist";
				INFOPLIST_KEY_UIApplicationSceneManifest_Generation = YES;
				INFOPLIST_KEY_UIApplicationSupportsIndirectInputEvents = YES;
				INFOPLIST_KEY_UILaunchScreen_Generation = YES;
				INFOPLIST_KEY_UISupportedInterfaceOrientations = UIInterfaceOrientationPortrait;
				INFOPLIST_KEY_UISupportedInterfaceOrientations_iPad = "UIInterfaceOrientationLandscapeLeft UIInterfaceOrientationLandscapeRight UIInterfaceOrientationPortrait UIInterfaceOrientationPortraitUpsideDown";
				IPHONEOS_DEPLOYMENT_TARGET = 15.0;
				LD_RUNPATH_SEARCH_PATHS = (
					"$(inherited)",
					"@executable_path/Frameworks",
				);
				MARKETING_VERSION = 1.0;
				PRODUCT_BUNDLE_IDENTIFIER = "masaharu.dobashi.ReadQiitaApp-iOS";
				PRODUCT_NAME = "$(TARGET_NAME)";
				SWIFT_EMIT_LOC_STRINGS = YES;
				SWIFT_VERSION = 5.0;
				TARGETED_DEVICE_FAMILY = "1,2";
			};
			name = Release;
		};
		6D201C5329ED83AF003A3879 /* Debug */ = {
			isa = XCBuildConfiguration;
			buildSettings = {
				ALWAYS_EMBED_SWIFT_STANDARD_LIBRARIES = YES;
				BUNDLE_LOADER = "$(TEST_HOST)";
				CODE_SIGN_STYLE = Automatic;
				CURRENT_PROJECT_VERSION = 1;
				DEVELOPMENT_TEAM = 7RPFL7EXKD;
				GENERATE_INFOPLIST_FILE = YES;
				IPHONEOS_DEPLOYMENT_TARGET = 16.4;
				MARKETING_VERSION = 1.0;
				PRODUCT_BUNDLE_IDENTIFIER = "masaharu.dobashi.ReadQiitaApp-iOSTests";
				PRODUCT_NAME = "$(TARGET_NAME)";
				SWIFT_EMIT_LOC_STRINGS = NO;
				SWIFT_VERSION = 5.0;
				TARGETED_DEVICE_FAMILY = "1,2";
				TEST_HOST = "$(BUILT_PRODUCTS_DIR)/ReadQiitaApp_iOS.app/$(BUNDLE_EXECUTABLE_FOLDER_PATH)/ReadQiitaApp_iOS";
			};
			name = Debug;
		};
		6D201C5429ED83AF003A3879 /* Release */ = {
			isa = XCBuildConfiguration;
			buildSettings = {
				ALWAYS_EMBED_SWIFT_STANDARD_LIBRARIES = YES;
				BUNDLE_LOADER = "$(TEST_HOST)";
				CODE_SIGN_STYLE = Automatic;
				CURRENT_PROJECT_VERSION = 1;
				DEVELOPMENT_TEAM = 7RPFL7EXKD;
				GENERATE_INFOPLIST_FILE = YES;
				IPHONEOS_DEPLOYMENT_TARGET = 16.4;
				MARKETING_VERSION = 1.0;
				PRODUCT_BUNDLE_IDENTIFIER = "masaharu.dobashi.ReadQiitaApp-iOSTests";
				PRODUCT_NAME = "$(TARGET_NAME)";
				SWIFT_EMIT_LOC_STRINGS = NO;
				SWIFT_VERSION = 5.0;
				TARGETED_DEVICE_FAMILY = "1,2";
				TEST_HOST = "$(BUILT_PRODUCTS_DIR)/ReadQiitaApp_iOS.app/$(BUNDLE_EXECUTABLE_FOLDER_PATH)/ReadQiitaApp_iOS";
			};
			name = Release;
		};
		6D201C5629ED83AF003A3879 /* Debug */ = {
			isa = XCBuildConfiguration;
			buildSettings = {
				ALWAYS_EMBED_SWIFT_STANDARD_LIBRARIES = YES;
				CODE_SIGN_STYLE = Automatic;
				CURRENT_PROJECT_VERSION = 1;
				DEVELOPMENT_TEAM = 7RPFL7EXKD;
				GENERATE_INFOPLIST_FILE = YES;
				MARKETING_VERSION = 1.0;
				PRODUCT_BUNDLE_IDENTIFIER = "masaharu.dobashi.ReadQiitaApp-iOSUITests";
				PRODUCT_NAME = "$(TARGET_NAME)";
				SWIFT_EMIT_LOC_STRINGS = NO;
				SWIFT_VERSION = 5.0;
				TARGETED_DEVICE_FAMILY = "1,2";
				TEST_TARGET_NAME = ReadQiitaApp_iOS;
			};
			name = Debug;
		};
		6D201C5729ED83AF003A3879 /* Release */ = {
			isa = XCBuildConfiguration;
			buildSettings = {
				ALWAYS_EMBED_SWIFT_STANDARD_LIBRARIES = YES;
				CODE_SIGN_STYLE = Automatic;
				CURRENT_PROJECT_VERSION = 1;
				DEVELOPMENT_TEAM = 7RPFL7EXKD;
				GENERATE_INFOPLIST_FILE = YES;
				MARKETING_VERSION = 1.0;
				PRODUCT_BUNDLE_IDENTIFIER = "masaharu.dobashi.ReadQiitaApp-iOSUITests";
				PRODUCT_NAME = "$(TARGET_NAME)";
				SWIFT_EMIT_LOC_STRINGS = NO;
				SWIFT_VERSION = 5.0;
				TARGETED_DEVICE_FAMILY = "1,2";
				TEST_TARGET_NAME = ReadQiitaApp_iOS;
			};
			name = Release;
		};
/* End XCBuildConfiguration section */

/* Begin XCConfigurationList section */
		6D201C2629ED83AE003A3879 /* Build configuration list for PBXProject "ReadQiitaApp_iOS" */ = {
			isa = XCConfigurationList;
			buildConfigurations = (
				6D201C4D29ED83AF003A3879 /* Debug */,
				6D201C4E29ED83AF003A3879 /* Release */,
			);
			defaultConfigurationIsVisible = 0;
			defaultConfigurationName = Release;
		};
		6D201C4F29ED83AF003A3879 /* Build configuration list for PBXNativeTarget "ReadQiitaApp_iOS" */ = {
			isa = XCConfigurationList;
			buildConfigurations = (
				6D201C5029ED83AF003A3879 /* Debug */,
				6D201C5129ED83AF003A3879 /* Release */,
			);
			defaultConfigurationIsVisible = 0;
			defaultConfigurationName = Release;
		};
		6D201C5229ED83AF003A3879 /* Build configuration list for PBXNativeTarget "ReadQiitaApp_iOSTests" */ = {
			isa = XCConfigurationList;
			buildConfigurations = (
				6D201C5329ED83AF003A3879 /* Debug */,
				6D201C5429ED83AF003A3879 /* Release */,
			);
			defaultConfigurationIsVisible = 0;
			defaultConfigurationName = Release;
		};
		6D201C5529ED83AF003A3879 /* Build configuration list for PBXNativeTarget "ReadQiitaApp_iOSUITests" */ = {
			isa = XCConfigurationList;
			buildConfigurations = (
				6D201C5629ED83AF003A3879 /* Debug */,
				6D201C5729ED83AF003A3879 /* Release */,
			);
			defaultConfigurationIsVisible = 0;
			defaultConfigurationName = Release;
		};
/* End XCConfigurationList section */
	};
	rootObject = 6D201C2329ED83AE003A3879 /* Project object */;
}
